// !$*UTF8*$!
{
	archiveVersion = 1;
	classes = {
	};
	objectVersion = 48;
	objects = {

/* Begin PBXGroup section */
		ACAAB5CA2009FD94005DF098 = {
			isa = PBXGroup;
			children = (
			);
			sourceTree = "<group>";
		};
/* End PBXGroup section */

/* Begin PBXProject section */
		ACAAB5CB2009FD94005DF098 /* Project object */ = {
			isa = PBXProject;
			attributes = {
				LastUpgradeCheck = 0920;
			};
			buildConfigurationList = ACAAB5CE2009FD94005DF098 /* Build configuration list for PBXProject "FunctionsTest" */;
			compatibilityVersion = "Xcode 8.0";
			developmentRegion = en;
			hasScannedForEncodings = 0;
			knownRegions = (
				en,
			);
			mainGroup = ACAAB5CA2009FD94005DF098;
			projectDirPath = "";
			projectRoot = "";
			targets = (
			);
		};
/* End PBXProject section */

/* Begin XCBuildConfiguration section */
		ACAAB5CF2009FD95005DF098 /* Debug */ = {
			isa = XCBuildConfiguration;
			buildSettings = {
			};
			name = Debug;
		};
		ACAAB5D02009FD95005DF098 /* Release */ = {
			isa = XCBuildConfiguration;
			buildSettings = {
			};
			name = Release;
		};
/* End XCBuildConfiguration section */

/* Begin XCConfigurationList section */
		ACAAB5CE2009FD94005DF098 /* Build configuration list for PBXProject "FunctionsTest" */ = {
			isa = XCConfigurationList;
			buildConfigurations = (
				ACAAB5CF2009FD95005DF098 /* Debug */,
				ACAAB5D02009FD95005DF098 /* Release */,
			);
			defaultConfigurationIsVisible = 0;
			defaultConfigurationName = Release;
		};
/* End XCConfigurationList section */
	};
	rootObject = ACAAB5CB2009FD94005DF098 /* Project object */;
}
